
Microsoft Visual Studio Solution File, Format Version 12.00
# Visual Studio 2013
VisualStudioVersion = 12.0.30110.0
MinimumVisualStudioVersion = 10.0.40219.1
Project("{8BC9CEB8-8B4A-11D0-8D11-00A0C91BC942}") = "PatternTest", "PatternTest\PatternTest.vcxproj", "{9B349C46-A77E-4DD5-842D-A32B4E97B7AE}"
EndProject
Project("{8BC9CEB8-8B4A-11D0-8D11-00A0C91BC942}") = "RawTrajsProcess", "RawTrajsProcess\RawTrajsProcess.vcxproj", "{19B9A193-ED5F-4D5B-8F48-46C979AAF549}"
EndProject
Project("{8BC9CEB8-8B4A-11D0-8D11-00A0C91BC942}") = "Evaluation", "Evaluation\Evaluation.vcxproj", "{4ABA107F-5CCA-4B66-8667-921AA9430A43}"
EndProject
Global
	GlobalSection(SolutionConfigurationPlatforms) = preSolution
		Debug|Win32 = Debug|Win32
		Release|Win32 = Release|Win32
	EndGlobalSection
	GlobalSection(ProjectConfigurationPlatforms) = postSolution
		{9B349C46-A77E-4DD5-842D-A32B4E97B7AE}.Debug|Win32.ActiveCfg = Debug|Win32
		{9B349C46-A77E-4DD5-842D-A32B4E97B7AE}.Debug|Win32.Build.0 = Debug|Win32
		{9B349C46-A77E-4DD5-842D-A32B4E97B7AE}.Release|Win32.ActiveCfg = Release|Win32
		{9B349C46-A77E-4DD5-842D-A32B4E97B7AE}.Release|Win32.Build.0 = Release|Win32
		{19B9A193-ED5F-4D5B-8F48-46C979AAF549}.Debug|Win32.ActiveCfg = Debug|Win32
		{19B9A193-ED5F-4D5B-8F48-46C979AAF549}.Debug|Win32.Build.0 = Debug|Win32
		{19B9A193-ED5F-4D5B-8F48-46C979AAF549}.Release|Win32.ActiveCfg = Release|Win32
		{19B9A193-ED5F-4D5B-8F48-46C979AAF549}.Release|Win32.Build.0 = Release|Win32
		{4ABA107F-5CCA-4B66-8667-921AA9430A43}.Debug|Win32.ActiveCfg = Debug|Win32
		{4ABA107F-5CCA-4B66-8667-921AA9430A43}.Debug|Win32.Build.0 = Debug|Win32
		{4ABA107F-5CCA-4B66-8667-921AA9430A43}.Release|Win32.ActiveCfg = Release|Win32
		{4ABA107F-5CCA-4B66-8667-921AA9430A43}.Release|Win32.Build.0 = Release|Win32
	EndGlobalSection
	GlobalSection(SolutionProperties) = preSolution
		HideSolutionNode = FALSE
	EndGlobalSection
EndGlobal
